
Microsoft Visual Studio Solution File, Format Version 12.00
# Visual Studio Version 16
VisualStudioVersion = 16.0.28803.916
MinimumVisualStudioVersion = 10.0.40219.1
Project("{FAE04EC0-301F-11D3-BF4B-00C04F79EFBC}") = "GUI", "GUI\GUI.csproj", "{269B1C3F-F21B-4594-8222-A32AC9CB109D}"
EndProject
Project("{FAE04EC0-301F-11D3-BF4B-00C04F79EFBC}") = "BLL", "BLL\BLL.csproj", "{7D50A8AF-8231-4F3F-85F2-DBB65B845415}"
EndProject
Global
	GlobalSection(SolutionConfigurationPlatforms) = preSolution
		Debug|Any CPU = Debug|Any CPU
		Release|Any CPU = Release|Any CPU
	EndGlobalSection
	GlobalSection(ProjectConfigurationPlatforms) = postSolution
		{269B1C3F-F21B-4594-8222-A32AC9CB109D}.Debug|Any CPU.ActiveCfg = Debug|Any CPU
		{269B1C3F-F21B-4594-8222-A32AC9CB109D}.Debug|Any CPU.Build.0 = Debug|Any CPU
		{269B1C3F-F21B-4594-8222-A32AC9CB109D}.Release|Any CPU.ActiveCfg = Release|Any CPU
		{269B1C3F-F21B-4594-8222-A32AC9CB109D}.Release|Any CPU.Build.0 = Release|Any CPU
		{7D50A8AF-8231-4F3F-85F2-DBB65B845415}.Debug|Any CPU.ActiveCfg = Debug|Any CPU
		{7D50A8AF-8231-4F3F-85F2-DBB65B845415}.Debug|Any CPU.Build.0 = Debug|Any CPU
		{7D50A8AF-8231-4F3F-85F2-DBB65B845415}.Release|Any CPU.ActiveCfg = Release|Any CPU
		{7D50A8AF-8231-4F3F-85F2-DBB65B845415}.Release|Any CPU.Build.0 = Release|Any CPU
	EndGlobalSection
	GlobalSection(SolutionProperties) = preSolution
		HideSolutionNode = FALSE
	EndGlobalSection
	GlobalSection(ExtensibilityGlobals) = postSolution
		SolutionGuid = {0DE27DBF-D160-469B-943F-BC5B1E53B365}
	EndGlobalSection
EndGlobal
